
Microsoft Visual Studio Solution File, Format Version 12.00
# Visual Studio Version 17
VisualStudioVersion = 17.0.32014.148
MinimumVisualStudioVersion = 10.0.40219.1
Project("{FAE04EC0-301F-11D3-BF4B-00C04F79EFBC}") = "LocaFacil", "LocaFacil.csproj", "{96386ED7-C218-4C9E-8166-A5C71FD26B4A}"
EndProject
Global
	GlobalSection(SolutionConfigurationPlatforms) = preSolution
		Debug|Any CPU = Debug|Any CPU
		Release|Any CPU = Release|Any CPU
	EndGlobalSection
	GlobalSection(ProjectConfigurationPlatforms) = postSolution
		{96386ED7-C218-4C9E-8166-A5C71FD26B4A}.Debug|Any CPU.ActiveCfg = Debug|Any CPU
		{96386ED7-C218-4C9E-8166-A5C71FD26B4A}.Debug|Any CPU.Build.0 = Debug|Any CPU
		{96386ED7-C218-4C9E-8166-A5C71FD26B4A}.Release|Any CPU.ActiveCfg = Release|Any CPU
		{96386ED7-C218-4C9E-8166-A5C71FD26B4A}.Release|Any CPU.Build.0 = Release|Any CPU
	EndGlobalSection
	GlobalSection(SolutionProperties) = preSolution
		HideSolutionNode = FALSE
	EndGlobalSection
	GlobalSection(ExtensibilityGlobals) = postSolution
		SolutionGuid = {58511B63-48F3-4573-8882-0FB9F0CC4D27}
	EndGlobalSection
EndGlobal
